
Microsoft Visual Studio Solution File, Format Version 12.00
# Visual Studio Version 16
VisualStudioVersion = 16.0.30804.86
MinimumVisualStudioVersion = 10.0.40219.1
Project("{8BC9CEB8-8B4A-11D0-8D11-00A0C91BC942}") = "I2P", "I2P\I2P.vcxproj", "{A7B93730-738A-4D33-86D7-C0ABE46354AB}"
EndProject
Global
	GlobalSection(SolutionConfigurationPlatforms) = preSolution
		Debug|x64 = Debug|x64
		Debug|x86 = Debug|x86
		Release|x64 = Release|x64
		Release|x86 = Release|x86
	EndGlobalSection
	GlobalSection(ProjectConfigurationPlatforms) = postSolution
		{A7B93730-738A-4D33-86D7-C0ABE46354AB}.Debug|x64.ActiveCfg = Debug|x64
		{A7B93730-738A-4D33-86D7-C0ABE46354AB}.Debug|x64.Build.0 = Debug|x64
		{A7B93730-738A-4D33-86D7-C0ABE46354AB}.Debug|x86.ActiveCfg = Debug|Win32
		{A7B93730-738A-4D33-86D7-C0ABE46354AB}.Debug|x86.Build.0 = Debug|Win32
		{A7B93730-738A-4D33-86D7-C0ABE46354AB}.Release|x64.ActiveCfg = Release|x64
		{A7B93730-738A-4D33-86D7-C0ABE46354AB}.Release|x64.Build.0 = Release|x64
		{A7B93730-738A-4D33-86D7-C0ABE46354AB}.Release|x86.ActiveCfg = Release|Win32
		{A7B93730-738A-4D33-86D7-C0ABE46354AB}.Release|x86.Build.0 = Release|Win32
	EndGlobalSection
	GlobalSection(SolutionProperties) = preSolution
		HideSolutionNode = FALSE
	EndGlobalSection
	GlobalSection(ExtensibilityGlobals) = postSolution
		SolutionGuid = {BDA515C6-1EFD-4FB7-8AD1-CD5782652383}
	EndGlobalSection
EndGlobal
